
Microsoft Visual Studio Solution File, Format Version 12.00
# Visual Studio Version 17
VisualStudioVersion = 17.3.32819.101
MinimumVisualStudioVersion = 10.0.40219.1
Project("{FAE04EC0-301F-11D3-BF4B-00C04F79EFBC}") = "HuynhNhatTruong_2080600759", "HuynhNhatTruong_2080600759\HuynhNhatTruong_2080600759.csproj", "{505F8021-4E25-4B9F-A9B4-C00E0FBB03AA}"
EndProject
Global
	GlobalSection(SolutionConfigurationPlatforms) = preSolution
		Debug|Any CPU = Debug|Any CPU
		Release|Any CPU = Release|Any CPU
	EndGlobalSection
	GlobalSection(ProjectConfigurationPlatforms) = postSolution
		{505F8021-4E25-4B9F-A9B4-C00E0FBB03AA}.Debug|Any CPU.ActiveCfg = Debug|Any CPU
		{505F8021-4E25-4B9F-A9B4-C00E0FBB03AA}.Debug|Any CPU.Build.0 = Debug|Any CPU
		{505F8021-4E25-4B9F-A9B4-C00E0FBB03AA}.Release|Any CPU.ActiveCfg = Release|Any CPU
		{505F8021-4E25-4B9F-A9B4-C00E0FBB03AA}.Release|Any CPU.Build.0 = Release|Any CPU
	EndGlobalSection
	GlobalSection(SolutionProperties) = preSolution
		HideSolutionNode = FALSE
	EndGlobalSection
	GlobalSection(ExtensibilityGlobals) = postSolution
		SolutionGuid = {F83C01DB-3195-45BB-96D8-F8CD879670E3}
	EndGlobalSection
EndGlobal
